// !$*UTF8*$!
{
	archiveVersion = 1;
	classes = {
	};
	objectVersion = 46;
	objects = {

/* Begin PBXBuildFile section */
		0429CC031893E51E001E2C41 /* FlatHome.m in Sources */ = {isa = PBXBuildFile; fileRef = 0429CC021893E51E001E2C41 /* FlatHome.m */; };
		0429CC061893FC82001E2C41 /* BlueComms.m in Sources */ = {isa = PBXBuildFile; fileRef = 0429CC051893FC82001E2C41 /* BlueComms.m */; };
		0429CC08189458DE001E2C41 /* Accelerate.framework in Frameworks */ = {isa = PBXBuildFile; fileRef = 0429CC07189458DE001E2C41 /* Accelerate.framework */; };
		0429CC1618945975001E2C41 /* RECommonFunctions.m in Sources */ = {isa = PBXBuildFile; fileRef = 0429CC0B18945975001E2C41 /* RECommonFunctions.m */; };
		0429CC1718945975001E2C41 /* REFrostedContainerViewController.m in Sources */ = {isa = PBXBuildFile; fileRef = 0429CC0D18945975001E2C41 /* REFrostedContainerViewController.m */; };
		0429CC1818945975001E2C41 /* REFrostedViewController.m in Sources */ = {isa = PBXBuildFile; fileRef = 0429CC0F18945975001E2C41 /* REFrostedViewController.m */; };
		0429CC1918945975001E2C41 /* UIImage+REFrostedViewController.m in Sources */ = {isa = PBXBuildFile; fileRef = 0429CC1118945975001E2C41 /* UIImage+REFrostedViewController.m */; };
		0429CC1A18945975001E2C41 /* UIView+REFrostedViewController.m in Sources */ = {isa = PBXBuildFile; fileRef = 0429CC1318945975001E2C41 /* UIView+REFrostedViewController.m */; };
		0429CC1B18945975001E2C41 /* UIViewController+REFrostedViewController.m in Sources */ = {isa = PBXBuildFile; fileRef = 0429CC1518945975001E2C41 /* UIViewController+REFrostedViewController.m */; };
		383BEFBE185F9C9A0019B762 /* SerialGATT.m in Sources */ = {isa = PBXBuildFile; fileRef = 383BEFBD185F9C9A0019B762 /* SerialGATT.m */; };
		3852442917EE09AF00201762 /* SetupOne.m in Sources */ = {isa = PBXBuildFile; fileRef = 3852442817EE09AF00201762 /* SetupOne.m */; };
		3852442B17EE0A8000201762 /* CoreBluetooth.framework in Frameworks */ = {isa = PBXBuildFile; fileRef = 3852442A17EE0A8000201762 /* CoreBluetooth.framework */; };
		388BB96518226276008DEA28 /* timelapseViewController.m in Sources */ = {isa = PBXBuildFile; fileRef = 388BB96418226276008DEA28 /* timelapseViewController.m */; };
		38AC8E9817ECC89100B7A21D /* simpleShootViewController.m in Sources */ = {isa = PBXBuildFile; fileRef = 38AC8E9717ECC89100B7A21D /* simpleShootViewController.m */; };
		38AD509B17E3890300592986 /* Foundation.framework in Frameworks */ = {isa = PBXBuildFile; fileRef = 38AD509A17E3890300592986 /* Foundation.framework */; };
		38AD509D17E3890300592986 /* CoreGraphics.framework in Frameworks */ = {isa = PBXBuildFile; fileRef = 38AD509C17E3890300592986 /* CoreGraphics.framework */; };
		38AD509F17E3890300592986 /* UIKit.framework in Frameworks */ = {isa = PBXBuildFile; fileRef = 38AD509E17E3890300592986 /* UIKit.framework */; };
		38AD50A517E3890300592986 /* InfoPlist.strings in Resources */ = {isa = PBXBuildFile; fileRef = 38AD50A317E3890300592986 /* InfoPlist.strings */; };
		38AD50A717E3890300592986 /* main.m in Sources */ = {isa = PBXBuildFile; fileRef = 38AD50A617E3890300592986 /* main.m */; };
		38AD50AB17E3890300592986 /* AppDelegate.m in Sources */ = {isa = PBXBuildFile; fileRef = 38AD50AA17E3890300592986 /* AppDelegate.m */; };
		38AD50AE17E3890300592986 /* Main.storyboard in Resources */ = {isa = PBXBuildFile; fileRef = 38AD50AC17E3890300592986 /* Main.storyboard */; };
		38AD50B117E3890300592986 /* ViewController.m in Sources */ = {isa = PBXBuildFile; fileRef = 38AD50B017E3890300592986 /* ViewController.m */; };
		38AD50B317E3890300592986 /* Images.xcassets in Resources */ = {isa = PBXBuildFile; fileRef = 38AD50B217E3890300592986 /* Images.xcassets */; };
		38AD50BA17E3890300592986 /* XCTest.framework in Frameworks */ = {isa = PBXBuildFile; fileRef = 38AD50B917E3890300592986 /* XCTest.framework */; };
		38AD50BB17E3890300592986 /* Foundation.framework in Frameworks */ = {isa = PBXBuildFile; fileRef = 38AD509A17E3890300592986 /* Foundation.framework */; };
		38AD50BC17E3890300592986 /* UIKit.framework in Frameworks */ = {isa = PBXBuildFile; fileRef = 38AD509E17E3890300592986 /* UIKit.framework */; };
		38AD50C417E3890300592986 /* InfoPlist.strings in Resources */ = {isa = PBXBuildFile; fileRef = 38AD50C217E3890300592986 /* InfoPlist.strings */; };
		38AD50C617E3890300592986 /* rotoCamiPhoneTests.m in Sources */ = {isa = PBXBuildFile; fileRef = 38AD50C517E3890300592986 /* rotoCamiPhoneTests.m */; };
/* End PBXBuildFile section */

/* Begin PBXContainerItemProxy section */
		38AD50BD17E3890300592986 /* PBXContainerItemProxy */ = {
			isa = PBXContainerItemProxy;
			containerPortal = 38AD508F17E3890300592986 /* Project object */;
			proxyType = 1;
			remoteGlobalIDString = 38AD509617E3890300592986;
			remoteInfo = rotoCamiPhone;
		};
/* End PBXContainerItemProxy section */

/* Begin PBXFileReference section */
		0429CC011893E51E001E2C41 /* FlatHome.h */ = {isa = PBXFileReference; fileEncoding = 4; lastKnownFileType = sourcecode.c.h; path = FlatHome.h; sourceTree = "<group>"; };
		0429CC021893E51E001E2C41 /* FlatHome.m */ = {isa = PBXFileReference; fileEncoding = 4; lastKnownFileType = sourcecode.c.objc; path = FlatHome.m; sourceTree = "<group>"; };
		0429CC041893FC82001E2C41 /* BlueComms.h */ = {isa = PBXFileReference; fileEncoding = 4; lastKnownFileType = sourcecode.c.h; path = BlueComms.h; sourceTree = "<group>"; };
		0429CC051893FC82001E2C41 /* BlueComms.m */ = {isa = PBXFileReference; fileEncoding = 4; lastKnownFileType = sourcecode.c.objc; path = BlueComms.m; sourceTree = "<group>"; };
		0429CC07189458DE001E2C41 /* Accelerate.framework */ = {isa = PBXFileReference; lastKnownFileType = wrapper.framework; name = Accelerate.framework; path = System/Library/Frameworks/Accelerate.framework; sourceTree = SDKROOT; };
		0429CC0A18945975001E2C41 /* RECommonFunctions.h */ = {isa = PBXFileReference; fileEncoding = 4; lastKnownFileType = sourcecode.c.h; path = RECommonFunctions.h; sourceTree = "<group>"; };
		0429CC0B18945975001E2C41 /* RECommonFunctions.m */ = {isa = PBXFileReference; fileEncoding = 4; lastKnownFileType = sourcecode.c.objc; path = RECommonFunctions.m; sourceTree = "<group>"; };
		0429CC0C18945975001E2C41 /* REFrostedContainerViewController.h */ = {isa = PBXFileReference; fileEncoding = 4; lastKnownFileType = sourcecode.c.h; path = REFrostedContainerViewController.h; sourceTree = "<group>"; };
		0429CC0D18945975001E2C41 /* REFrostedContainerViewController.m */ = {isa = PBXFileReference; fileEncoding = 4; lastKnownFileType = sourcecode.c.objc; path = REFrostedContainerViewController.m; sourceTree = "<group>"; };
		0429CC0E18945975001E2C41 /* REFrostedViewController.h */ = {isa = PBXFileReference; fileEncoding = 4; lastKnownFileType = sourcecode.c.h; path = REFrostedViewController.h; sourceTree = "<group>"; };
		0429CC0F18945975001E2C41 /* REFrostedViewController.m */ = {isa = PBXFileReference; fileEncoding = 4; lastKnownFileType = sourcecode.c.objc; path = REFrostedViewController.m; sourceTree = "<group>"; };
		0429CC1018945975001E2C41 /* UIImage+REFrostedViewController.h */ = {isa = PBXFileReference; fileEncoding = 4; lastKnownFileType = sourcecode.c.h; path = "UIImage+REFrostedViewController.h"; sourceTree = "<group>"; };
		0429CC1118945975001E2C41 /* UIImage+REFrostedViewController.m */ = {isa = PBXFileReference; fileEncoding = 4; lastKnownFileType = sourcecode.c.objc; path = "UIImage+REFrostedViewController.m"; sourceTree = "<group>"; };
		0429CC1218945975001E2C41 /* UIView+REFrostedViewController.h */ = {isa = PBXFileReference; fileEncoding = 4; lastKnownFileType = sourcecode.c.h; path = "UIView+REFrostedViewController.h"; sourceTree = "<group>"; };
		0429CC1318945975001E2C41 /* UIView+REFrostedViewController.m */ = {isa = PBXFileReference; fileEncoding = 4; lastKnownFileType = sourcecode.c.objc; path = "UIView+REFrostedViewController.m"; sourceTree = "<group>"; };
		0429CC1418945975001E2C41 /* UIViewController+REFrostedViewController.h */ = {isa = PBXFileReference; fileEncoding = 4; lastKnownFileType = sourcecode.c.h; path = "UIViewController+REFrostedViewController.h"; sourceTree = "<group>"; };
		0429CC1518945975001E2C41 /* UIViewController+REFrostedViewController.m */ = {isa = PBXFileReference; fileEncoding = 4; lastKnownFileType = sourcecode.c.objc; path = "UIViewController+REFrostedViewController.m"; sourceTree = "<group>"; };
		383BEFBC185F9C9A0019B762 /* SerialGATT.h */ = {isa = PBXFileReference; fileEncoding = 4; lastKnownFileType = sourcecode.c.h; path = SerialGATT.h; sourceTree = "<group>"; };
		383BEFBD185F9C9A0019B762 /* SerialGATT.m */ = {isa = PBXFileReference; fileEncoding = 4; lastKnownFileType = sourcecode.c.objc; path = SerialGATT.m; sourceTree = "<group>"; };
		3852442717EE09AF00201762 /* SetupOne.h */ = {isa = PBXFileReference; fileEncoding = 4; lastKnownFileType = sourcecode.c.h; path = SetupOne.h; sourceTree = "<group>"; };
		3852442817EE09AF00201762 /* SetupOne.m */ = {isa = PBXFileReference; fileEncoding = 4; lastKnownFileType = sourcecode.c.objc; path = SetupOne.m; sourceTree = "<group>"; };
		3852442A17EE0A8000201762 /* CoreBluetooth.framework */ = {isa = PBXFileReference; lastKnownFileType = wrapper.framework; name = CoreBluetooth.framework; path = System/Library/Frameworks/CoreBluetooth.framework; sourceTree = SDKROOT; };
		388BB96318226276008DEA28 /* timelapseViewController.h */ = {isa = PBXFileReference; fileEncoding = 4; lastKnownFileType = sourcecode.c.h; path = timelapseViewController.h; sourceTree = "<group>"; };
		388BB96418226276008DEA28 /* timelapseViewController.m */ = {isa = PBXFileReference; fileEncoding = 4; lastKnownFileType = sourcecode.c.objc; path = timelapseViewController.m; sourceTree = "<group>"; };
		38AC8E9617ECC89100B7A21D /* simpleShootViewController.h */ = {isa = PBXFileReference; fileEncoding = 4; lastKnownFileType = sourcecode.c.h; path = simpleShootViewController.h; sourceTree = "<group>"; };
		38AC8E9717ECC89100B7A21D /* simpleShootViewController.m */ = {isa = PBXFileReference; fileEncoding = 4; lastKnownFileType = sourcecode.c.objc; path = simpleShootViewController.m; sourceTree = "<group>"; };
		38AD509717E3890300592986 /* toroCamiPhone.app */ = {isa = PBXFileReference; explicitFileType = wrapper.application; includeInIndex = 0; path = toroCamiPhone.app; sourceTree = BUILT_PRODUCTS_DIR; };
		38AD509A17E3890300592986 /* Foundation.framework */ = {isa = PBXFileReference; lastKnownFileType = wrapper.framework; name = Foundation.framework; path = System/Library/Frameworks/Foundation.framework; sourceTree = SDKROOT; };
		38AD509C17E3890300592986 /* CoreGraphics.framework */ = {isa = PBXFileReference; lastKnownFileType = wrapper.framework; name = CoreGraphics.framework; path = System/Library/Frameworks/CoreGraphics.framework; sourceTree = SDKROOT; };
		38AD509E17E3890300592986 /* UIKit.framework */ = {isa = PBXFileReference; lastKnownFileType = wrapper.framework; name = UIKit.framework; path = System/Library/Frameworks/UIKit.framework; sourceTree = SDKROOT; };
		38AD50A217E3890300592986 /* toroCamiPhone-Info.plist */ = {isa = PBXFileReference; lastKnownFileType = text.plist.xml; path = "toroCamiPhone-Info.plist"; sourceTree = "<group>"; };
		38AD50A417E3890300592986 /* en */ = {isa = PBXFileReference; lastKnownFileType = text.plist.strings; name = en; path = en.lproj/InfoPlist.strings; sourceTree = "<group>"; };
		38AD50A617E3890300592986 /* main.m */ = {isa = PBXFileReference; lastKnownFileType = sourcecode.c.objc; path = main.m; sourceTree = "<group>"; };
		38AD50A817E3890300592986 /* toroCamiPhone-Prefix.pch */ = {isa = PBXFileReference; lastKnownFileType = sourcecode.c.h; path = "toroCamiPhone-Prefix.pch"; sourceTree = "<group>"; };
		38AD50A917E3890300592986 /* AppDelegate.h */ = {isa = PBXFileReference; lastKnownFileType = sourcecode.c.h; path = AppDelegate.h; sourceTree = "<group>"; };
		38AD50AA17E3890300592986 /* AppDelegate.m */ = {isa = PBXFileReference; lastKnownFileType = sourcecode.c.objc; path = AppDelegate.m; sourceTree = "<group>"; };
		38AD50AD17E3890300592986 /* Base */ = {isa = PBXFileReference; lastKnownFileType = file.storyboard; name = Base; path = Base.lproj/Main.storyboard; sourceTree = "<group>"; };
		38AD50AF17E3890300592986 /* ViewController.h */ = {isa = PBXFileReference; lastKnownFileType = sourcecode.c.h; path = ViewController.h; sourceTree = "<group>"; };
		38AD50B017E3890300592986 /* ViewController.m */ = {isa = PBXFileReference; lastKnownFileType = sourcecode.c.objc; path = ViewController.m; sourceTree = "<group>"; };
		38AD50B217E3890300592986 /* Images.xcassets */ = {isa = PBXFileReference; lastKnownFileType = folder.assetcatalog; path = Images.xcassets; sourceTree = "<group>"; };
		38AD50B817E3890300592986 /* toroCamiPhoneTests.xctest */ = {isa = PBXFileReference; explicitFileType = wrapper.cfbundle; includeInIndex = 0; path = toroCamiPhoneTests.xctest; sourceTree = BUILT_PRODUCTS_DIR; };
		38AD50B917E3890300592986 /* XCTest.framework */ = {isa = PBXFileReference; lastKnownFileType = wrapper.framework; name = XCTest.framework; path = Library/Frameworks/XCTest.framework; sourceTree = DEVELOPER_DIR; };
		38AD50C117E3890300592986 /* toroCamiPhoneTests-Info.plist */ = {isa = PBXFileReference; lastKnownFileType = text.plist.xml; path = "toroCamiPhoneTests-Info.plist"; sourceTree = "<group>"; };
		38AD50C317E3890300592986 /* en */ = {isa = PBXFileReference; lastKnownFileType = text.plist.strings; name = en; path = en.lproj/InfoPlist.strings; sourceTree = "<group>"; };
		38AD50C517E3890300592986 /* rotoCamiPhoneTests.m */ = {isa = PBXFileReference; lastKnownFileType = sourcecode.c.objc; path = rotoCamiPhoneTests.m; sourceTree = "<group>"; };
/* End PBXFileReference section */

/* Begin PBXFrameworksBuildPhase section */
		38AD509417E3890300592986 /* Frameworks */ = {
			isa = PBXFrameworksBuildPhase;
			buildActionMask = 2147483647;
			files = (
				0429CC08189458DE001E2C41 /* Accelerate.framework in Frameworks */,
				3852442B17EE0A8000201762 /* CoreBluetooth.framework in Frameworks */,
				38AD509D17E3890300592986 /* CoreGraphics.framework in Frameworks */,
				38AD509F17E3890300592986 /* UIKit.framework in Frameworks */,
				38AD509B17E3890300592986 /* Foundation.framework in Frameworks */,
			);
			runOnlyForDeploymentPostprocessing = 0;
		};
		38AD50B517E3890300592986 /* Frameworks */ = {
			isa = PBXFrameworksBuildPhase;
			buildActionMask = 2147483647;
			files = (
				38AD50BA17E3890300592986 /* XCTest.framework in Frameworks */,
				38AD50BC17E3890300592986 /* UIKit.framework in Frameworks */,
				38AD50BB17E3890300592986 /* Foundation.framework in Frameworks */,
			);
			runOnlyForDeploymentPostprocessing = 0;
		};
/* End PBXFrameworksBuildPhase section */

/* Begin PBXGroup section */
		0429CC0918945975001E2C41 /* REFrostedViewController */ = {
			isa = PBXGroup;
			children = (
				0429CC0A18945975001E2C41 /* RECommonFunctions.h */,
				0429CC0B18945975001E2C41 /* RECommonFunctions.m */,
				0429CC0C18945975001E2C41 /* REFrostedContainerViewController.h */,
				0429CC0D18945975001E2C41 /* REFrostedContainerViewController.m */,
				0429CC0E18945975001E2C41 /* REFrostedViewController.h */,
				0429CC0F18945975001E2C41 /* REFrostedViewController.m */,
				0429CC1018945975001E2C41 /* UIImage+REFrostedViewController.h */,
				0429CC1118945975001E2C41 /* UIImage+REFrostedViewController.m */,
				0429CC1218945975001E2C41 /* UIView+REFrostedViewController.h */,
				0429CC1318945975001E2C41 /* UIView+REFrostedViewController.m */,
				0429CC1418945975001E2C41 /* UIViewController+REFrostedViewController.h */,
				0429CC1518945975001E2C41 /* UIViewController+REFrostedViewController.m */,
			);
			path = REFrostedViewController;
			sourceTree = "<group>";
		};
		383BEFBB185F9B670019B762 /* SerialGATT */ = {
			isa = PBXGroup;
			children = (
				383BEFBC185F9C9A0019B762 /* SerialGATT.h */,
				383BEFBD185F9C9A0019B762 /* SerialGATT.m */,
			);
			name = SerialGATT;
			sourceTree = "<group>";
		};
		38AC8E9517ECC87900B7A21D /* ViewControllers */ = {
			isa = PBXGroup;
			children = (
				0429CC011893E51E001E2C41 /* FlatHome.h */,
				0429CC021893E51E001E2C41 /* FlatHome.m */,
				38AC8E9617ECC89100B7A21D /* simpleShootViewController.h */,
				38AC8E9717ECC89100B7A21D /* simpleShootViewController.m */,
				3852442717EE09AF00201762 /* SetupOne.h */,
				3852442817EE09AF00201762 /* SetupOne.m */,
				388BB96318226276008DEA28 /* timelapseViewController.h */,
				388BB96418226276008DEA28 /* timelapseViewController.m */,
			);
			name = ViewControllers;
			sourceTree = "<group>";
		};
		38AD508E17E3890300592986 = {
			isa = PBXGroup;
			children = (
				38AD50A017E3890300592986 /* toroCamiPhone */,
				38AD50BF17E3890300592986 /* toroCamiPhoneTests */,
				38AD509917E3890300592986 /* Frameworks */,
				38AD509817E3890300592986 /* Products */,
			);
			sourceTree = "<group>";
		};
		38AD509817E3890300592986 /* Products */ = {
			isa = PBXGroup;
			children = (
				38AD509717E3890300592986 /* toroCamiPhone.app */,
				38AD50B817E3890300592986 /* toroCamiPhoneTests.xctest */,
			);
			name = Products;
			sourceTree = "<group>";
		};
		38AD509917E3890300592986 /* Frameworks */ = {
			isa = PBXGroup;
			children = (
				0429CC0918945975001E2C41 /* REFrostedViewController */,
				0429CC07189458DE001E2C41 /* Accelerate.framework */,
				3852442A17EE0A8000201762 /* CoreBluetooth.framework */,
				38AD509A17E3890300592986 /* Foundation.framework */,
				38AD509C17E3890300592986 /* CoreGraphics.framework */,
				38AD509E17E3890300592986 /* UIKit.framework */,
				38AD50B917E3890300592986 /* XCTest.framework */,
			);
			name = Frameworks;
			sourceTree = "<group>";
		};
		38AD50A017E3890300592986 /* toroCamiPhone */ = {
			isa = PBXGroup;
			children = (
				383BEFBB185F9B670019B762 /* SerialGATT */,
				38AC8E9517ECC87900B7A21D /* ViewControllers */,
				38AD50A917E3890300592986 /* AppDelegate.h */,
				38AD50AA17E3890300592986 /* AppDelegate.m */,
				38AD50AC17E3890300592986 /* Main.storyboard */,
				0429CC041893FC82001E2C41 /* BlueComms.h */,
				0429CC051893FC82001E2C41 /* BlueComms.m */,
				38AD50AF17E3890300592986 /* ViewController.h */,
				38AD50B017E3890300592986 /* ViewController.m */,
				38AD50B217E3890300592986 /* Images.xcassets */,
				38AD50A117E3890300592986 /* Supporting Files */,
			);
			name = toroCamiPhone;
			path = rotoCamiPhone;
			sourceTree = "<group>";
		};
		38AD50A117E3890300592986 /* Supporting Files */ = {
			isa = PBXGroup;
			children = (
				38AD50A217E3890300592986 /* toroCamiPhone-Info.plist */,
				38AD50A317E3890300592986 /* InfoPlist.strings */,
				38AD50A617E3890300592986 /* main.m */,
				38AD50A817E3890300592986 /* toroCamiPhone-Prefix.pch */,
			);
			name = "Supporting Files";
			sourceTree = "<group>";
		};
		38AD50BF17E3890300592986 /* toroCamiPhoneTests */ = {
			isa = PBXGroup;
			children = (
				38AD50C517E3890300592986 /* rotoCamiPhoneTests.m */,
				38AD50C017E3890300592986 /* Supporting Files */,
			);
			name = toroCamiPhoneTests;
			path = rotoCamiPhoneTests;
			sourceTree = "<group>";
		};
		38AD50C017E3890300592986 /* Supporting Files */ = {
			isa = PBXGroup;
			children = (
				38AD50C117E3890300592986 /* toroCamiPhoneTests-Info.plist */,
				38AD50C217E3890300592986 /* InfoPlist.strings */,
			);
			name = "Supporting Files";
			sourceTree = "<group>";
		};
/* End PBXGroup section */

/* Begin PBXNativeTarget section */
		38AD509617E3890300592986 /* toroCamiPhone */ = {
			isa = PBXNativeTarget;
			buildConfigurationList = 38AD50C917E3890300592986 /* Build configuration list for PBXNativeTarget "toroCamiPhone" */;
			buildPhases = (
				38AD509317E3890300592986 /* Sources */,
				38AD509417E3890300592986 /* Frameworks */,
				38AD509517E3890300592986 /* Resources */,
			);
			buildRules = (
			);
			dependencies = (
			);
			name = toroCamiPhone;
			productName = rotoCamiPhone;
			productReference = 38AD509717E3890300592986 /* toroCamiPhone.app */;
			productType = "com.apple.product-type.application";
		};
		38AD50B717E3890300592986 /* toroCamiPhoneTests */ = {
			isa = PBXNativeTarget;
			buildConfigurationList = 38AD50CC17E3890300592986 /* Build configuration list for PBXNativeTarget "toroCamiPhoneTests" */;
			buildPhases = (
				38AD50B417E3890300592986 /* Sources */,
				38AD50B517E3890300592986 /* Frameworks */,
				38AD50B617E3890300592986 /* Resources */,
			);
			buildRules = (
			);
			dependencies = (
				38AD50BE17E3890300592986 /* PBXTargetDependency */,
			);
			name = toroCamiPhoneTests;
			productName = rotoCamiPhoneTests;
			productReference = 38AD50B817E3890300592986 /* toroCamiPhoneTests.xctest */;
			productType = "com.apple.product-type.bundle.unit-test";
		};
/* End PBXNativeTarget section */

/* Begin PBXProject section */
		38AD508F17E3890300592986 /* Project object */ = {
			isa = PBXProject;
			attributes = {
				LastUpgradeCheck = 0500;
				ORGANIZATIONNAME = rotoCam;
				TargetAttributes = {
					38AD50B717E3890300592986 = {
						TestTargetID = 38AD509617E3890300592986;
					};
				};
			};
			buildConfigurationList = 38AD509217E3890300592986 /* Build configuration list for PBXProject "toroCamiPhone" */;
			compatibilityVersion = "Xcode 3.2";
			developmentRegion = English;
			hasScannedForEncodings = 0;
			knownRegions = (
				en,
				Base,
			);
			mainGroup = 38AD508E17E3890300592986;
			productRefGroup = 38AD509817E3890300592986 /* Products */;
			projectDirPath = "";
			projectRoot = "";
			targets = (
				38AD509617E3890300592986 /* toroCamiPhone */,
				38AD50B717E3890300592986 /* toroCamiPhoneTests */,
			);
		};
/* End PBXProject section */

/* Begin PBXResourcesBuildPhase section */
		38AD509517E3890300592986 /* Resources */ = {
			isa = PBXResourcesBuildPhase;
			buildActionMask = 2147483647;
			files = (
				38AD50B317E3890300592986 /* Images.xcassets in Resources */,
				38AD50A517E3890300592986 /* InfoPlist.strings in Resources */,
				38AD50AE17E3890300592986 /* Main.storyboard in Resources */,
			);
			runOnlyForDeploymentPostprocessing = 0;
		};
		38AD50B617E3890300592986 /* Resources */ = {
			isa = PBXResourcesBuildPhase;
			buildActionMask = 2147483647;
			files = (
				38AD50C417E3890300592986 /* InfoPlist.strings in Resources */,
			);
			runOnlyForDeploymentPostprocessing = 0;
		};
/* End PBXResourcesBuildPhase section */

/* Begin PBXSourcesBuildPhase section */
		38AD509317E3890300592986 /* Sources */ = {
			isa = PBXSourcesBuildPhase;
			buildActionMask = 2147483647;
			files = (
				0429CC1B18945975001E2C41 /* UIViewController+REFrostedViewController.m in Sources */,
				0429CC061893FC82001E2C41 /* BlueComms.m in Sources */,
				0429CC1618945975001E2C41 /* RECommonFunctions.m in Sources */,
				38AC8E9817ECC89100B7A21D /* simpleShootViewController.m in Sources */,
				0429CC1718945975001E2C41 /* REFrostedContainerViewController.m in Sources */,
				38AD50B117E3890300592986 /* ViewController.m in Sources */,
				0429CC1818945975001E2C41 /* REFrostedViewController.m in Sources */,
				38AD50AB17E3890300592986 /* AppDelegate.m in Sources */,
				388BB96518226276008DEA28 /* timelapseViewController.m in Sources */,
				3852442917EE09AF00201762 /* SetupOne.m in Sources */,
				0429CC1918945975001E2C41 /* UIImage+REFrostedViewController.m in Sources */,
				0429CC031893E51E001E2C41 /* FlatHome.m in Sources */,
				38AD50A717E3890300592986 /* main.m in Sources */,
				0429CC1A18945975001E2C41 /* UIView+REFrostedViewController.m in Sources */,
				383BEFBE185F9C9A0019B762 /* SerialGATT.m in Sources */,
			);
			runOnlyForDeploymentPostprocessing = 0;
		};
		38AD50B417E3890300592986 /* Sources */ = {
			isa = PBXSourcesBuildPhase;
			buildActionMask = 2147483647;
			files = (
				38AD50C617E3890300592986 /* rotoCamiPhoneTests.m in Sources */,
			);
			runOnlyForDeploymentPostprocessing = 0;
		};
/* End PBXSourcesBuildPhase section */

/* Begin PBXTargetDependency section */
		38AD50BE17E3890300592986 /* PBXTargetDependency */ = {
			isa = PBXTargetDependency;
			target = 38AD509617E3890300592986 /* toroCamiPhone */;
			targetProxy = 38AD50BD17E3890300592986 /* PBXContainerItemProxy */;
		};
/* End PBXTargetDependency section */

/* Begin PBXVariantGroup section */
		38AD50A317E3890300592986 /* InfoPlist.strings */ = {
			isa = PBXVariantGroup;
			children = (
				38AD50A417E3890300592986 /* en */,
			);
			name = InfoPlist.strings;
			sourceTree = "<group>";
		};
		38AD50AC17E3890300592986 /* Main.storyboard */ = {
			isa = PBXVariantGroup;
			children = (
				38AD50AD17E3890300592986 /* Base */,
			);
			name = Main.storyboard;
			sourceTree = "<group>";
		};
		38AD50C217E3890300592986 /* InfoPlist.strings */ = {
			isa = PBXVariantGroup;
			children = (
				38AD50C317E3890300592986 /* en */,
			);
			name = InfoPlist.strings;
			sourceTree = "<group>";
		};
/* End PBXVariantGroup section */

/* Begin XCBuildConfiguration section */
		38AD50C717E3890300592986 /* Debug */ = {
			isa = XCBuildConfiguration;
			buildSettings = {
				ALWAYS_SEARCH_USER_PATHS = NO;
				ARCHS = "$(ARCHS_STANDARD_INCLUDING_64_BIT)";
				CLANG_CXX_LANGUAGE_STANDARD = "gnu++0x";
				CLANG_CXX_LIBRARY = "libc++";
				CLANG_ENABLE_MODULES = YES;
				CLANG_ENABLE_OBJC_ARC = YES;
				CLANG_WARN_BOOL_CONVERSION = YES;
				CLANG_WARN_CONSTANT_CONVERSION = YES;
				CLANG_WARN_DIRECT_OBJC_ISA_USAGE = YES_ERROR;
				CLANG_WARN_EMPTY_BODY = YES;
				CLANG_WARN_ENUM_CONVERSION = YES;
				CLANG_WARN_INT_CONVERSION = YES;
				CLANG_WARN_OBJC_ROOT_CLASS = YES_ERROR;
				CLANG_WARN__DUPLICATE_METHOD_MATCH = YES;
				"CODE_SIGN_IDENTITY[sdk=iphoneos*]" = "iPhone Developer";
				COPY_PHASE_STRIP = NO;
				GCC_C_LANGUAGE_STANDARD = gnu99;
				GCC_DYNAMIC_NO_PIC = NO;
				GCC_OPTIMIZATION_LEVEL = 0;
				GCC_PREPROCESSOR_DEFINITIONS = (
					"DEBUG=1",
					"$(inherited)",
				);
				GCC_SYMBOLS_PRIVATE_EXTERN = NO;
				GCC_WARN_64_TO_32_BIT_CONVERSION = YES;
				GCC_WARN_ABOUT_RETURN_TYPE = YES_ERROR;
				GCC_WARN_UNDECLARED_SELECTOR = YES;
				GCC_WARN_UNINITIALIZED_AUTOS = YES;
				GCC_WARN_UNUSED_FUNCTION = YES;
				GCC_WARN_UNUSED_VARIABLE = YES;
				IPHONEOS_DEPLOYMENT_TARGET = 7.0;
				ONLY_ACTIVE_ARCH = YES;
				SDKROOT = iphoneos;
			};
			name = Debug;
		};
		38AD50C817E3890300592986 /* Release */ = {
			isa = XCBuildConfiguration;
			buildSettings = {
				ALWAYS_SEARCH_USER_PATHS = NO;
				ARCHS = "$(ARCHS_STANDARD_INCLUDING_64_BIT)";
				CLANG_CXX_LANGUAGE_STANDARD = "gnu++0x";
				CLANG_CXX_LIBRARY = "libc++";
				CLANG_ENABLE_MODULES = YES;
				CLANG_ENABLE_OBJC_ARC = YES;
				CLANG_WARN_BOOL_CONVERSION = YES;
				CLANG_WARN_CONSTANT_CONVERSION = YES;
				CLANG_WARN_DIRECT_OBJC_ISA_USAGE = YES_ERROR;
				CLANG_WARN_EMPTY_BODY = YES;
				CLANG_WARN_ENUM_CONVERSION = YES;
				CLANG_WARN_INT_CONVERSION = YES;
				CLANG_WARN_OBJC_ROOT_CLASS = YES_ERROR;
				CLANG_WARN__DUPLICATE_METHOD_MATCH = YES;
				"CODE_SIGN_IDENTITY[sdk=iphoneos*]" = "iPhone Developer";
				COPY_PHASE_STRIP = YES;
				ENABLE_NS_ASSERTIONS = NO;
				GCC_C_LANGUAGE_STANDARD = gnu99;
				GCC_WARN_64_TO_32_BIT_CONVERSION = YES;
				GCC_WARN_ABOUT_RETURN_TYPE = YES_ERROR;
				GCC_WARN_UNDECLARED_SELECTOR = YES;
				GCC_WARN_UNINITIALIZED_AUTOS = YES;
				GCC_WARN_UNUSED_FUNCTION = YES;
				GCC_WARN_UNUSED_VARIABLE = YES;
				IPHONEOS_DEPLOYMENT_TARGET = 7.0;
				SDKROOT = iphoneos;
				VALIDATE_PRODUCT = YES;
			};
			name = Release;
		};
		38AD50CA17E3890300592986 /* Debug */ = {
			isa = XCBuildConfiguration;
			buildSettings = {
				ASSETCATALOG_COMPILER_APPICON_NAME = AppIcon;
				ASSETCATALOG_COMPILER_LAUNCHIMAGE_NAME = LaunchImage;
				GCC_PRECOMPILE_PREFIX_HEADER = YES;
				GCC_PREFIX_HEADER = "rotoCamiPhone/toroCamiPhone-Prefix.pch";
				INFOPLIST_FILE = "rotoCamiPhone/toroCamiPhone-Info.plist";
				PRODUCT_NAME = toroCamiPhone;
				WRAPPER_EXTENSION = app;
			};
			name = Debug;
		};
		38AD50CB17E3890300592986 /* Release */ = {
			isa = XCBuildConfiguration;
			buildSettings = {
				ASSETCATALOG_COMPILER_APPICON_NAME = AppIcon;
				ASSETCATALOG_COMPILER_LAUNCHIMAGE_NAME = LaunchImage;
				GCC_PRECOMPILE_PREFIX_HEADER = YES;
				GCC_PREFIX_HEADER = "rotoCamiPhone/toroCamiPhone-Prefix.pch";
				INFOPLIST_FILE = "rotoCamiPhone/toroCamiPhone-Info.plist";
				PRODUCT_NAME = toroCamiPhone;
				WRAPPER_EXTENSION = app;
			};
			name = Release;
		};
		38AD50CD17E3890300592986 /* Debug */ = {
			isa = XCBuildConfiguration;
			buildSettings = {
				ARCHS = "$(ARCHS_STANDARD_INCLUDING_64_BIT)";
				BUNDLE_LOADER = "$(BUILT_PRODUCTS_DIR)/rotoCamiPhone.app/rotoCamiPhone";
				FRAMEWORK_SEARCH_PATHS = (
					"$(SDKROOT)/Developer/Library/Frameworks",
					"$(inherited)",
					"$(DEVELOPER_FRAMEWORKS_DIR)",
				);
				GCC_PRECOMPILE_PREFIX_HEADER = YES;
				GCC_PREFIX_HEADER = "rotoCamiPhone/rotoCamiPhone-Prefix.pch";
				GCC_PREPROCESSOR_DEFINITIONS = (
					"DEBUG=1",
					"$(inherited)",
				);
				INFOPLIST_FILE = "rotoCamiPhoneTests/toroCamiPhoneTests-Info.plist";
				PRODUCT_NAME = toroCamiPhoneTests;
				TEST_HOST = "$(BUNDLE_LOADER)";
				WRAPPER_EXTENSION = xctest;
			};
			name = Debug;
		};
		38AD50CE17E3890300592986 /* Release */ = {
			isa = XCBuildConfiguration;
			buildSettings = {
				ARCHS = "$(ARCHS_STANDARD_INCLUDING_64_BIT)";
				BUNDLE_LOADER = "$(BUILT_PRODUCTS_DIR)/rotoCamiPhone.app/rotoCamiPhone";
				FRAMEWORK_SEARCH_PATHS = (
					"$(SDKROOT)/Developer/Library/Frameworks",
					"$(inherited)",
					"$(DEVELOPER_FRAMEWORKS_DIR)",
				);
				GCC_PRECOMPILE_PREFIX_HEADER = YES;
				GCC_PREFIX_HEADER = "rotoCamiPhone/rotoCamiPhone-Prefix.pch";
				INFOPLIST_FILE = "rotoCamiPhoneTests/toroCamiPhoneTests-Info.plist";
				PRODUCT_NAME = toroCamiPhoneTests;
				TEST_HOST = "$(BUNDLE_LOADER)";
				WRAPPER_EXTENSION = xctest;
			};
			name = Release;
		};
/* End XCBuildConfiguration section */

/* Begin XCConfigurationList section */
		38AD509217E3890300592986 /* Build configuration list for PBXProject "toroCamiPhone" */ = {
			isa = XCConfigurationList;
			buildConfigurations = (
				38AD50C717E3890300592986 /* Debug */,
				38AD50C817E3890300592986 /* Release */,
			);
			defaultConfigurationIsVisible = 0;
			defaultConfigurationName = Release;
		};
		38AD50C917E3890300592986 /* Build configuration list for PBXNativeTarget "toroCamiPhone" */ = {
			isa = XCConfigurationList;
			buildConfigurations = (
				38AD50CA17E3890300592986 /* Debug */,
				38AD50CB17E3890300592986 /* Release */,
			);
			defaultConfigurationIsVisible = 0;
			defaultConfigurationName = Release;
		};
		38AD50CC17E3890300592986 /* Build configuration list for PBXNativeTarget "toroCamiPhoneTests" */ = {
			isa = XCConfigurationList;
			buildConfigurations = (
				38AD50CD17E3890300592986 /* Debug */,
				38AD50CE17E3890300592986 /* Release */,
			);
			defaultConfigurationIsVisible = 0;
			defaultConfigurationName = Release;
		};
/* End XCConfigurationList section */
	};
	rootObject = 38AD508F17E3890300592986 /* Project object */;
}
